
Microsoft Visual Studio Solution File, Format Version 12.00
# Visual Studio Version 17
VisualStudioVersion = 17.8.34330.188
MinimumVisualStudioVersion = 10.0.40219.1
Project("{9A19103F-16F7-4668-BE54-9A1E7A4F7556}") = "Licenta2", "Licenta2.csproj", "{5632E7E1-D6C2-4883-9D2A-386A48A5360D}"
EndProject
Global
	GlobalSection(SolutionConfigurationPlatforms) = preSolution
		Debug|Any CPU = Debug|Any CPU
		Release|Any CPU = Release|Any CPU
	EndGlobalSection
	GlobalSection(ProjectConfigurationPlatforms) = postSolution
		{5632E7E1-D6C2-4883-9D2A-386A48A5360D}.Debug|Any CPU.ActiveCfg = Debug|Any CPU
		{5632E7E1-D6C2-4883-9D2A-386A48A5360D}.Debug|Any CPU.Build.0 = Debug|Any CPU
		{5632E7E1-D6C2-4883-9D2A-386A48A5360D}.Release|Any CPU.ActiveCfg = Release|Any CPU
		{5632E7E1-D6C2-4883-9D2A-386A48A5360D}.Release|Any CPU.Build.0 = Release|Any CPU
	EndGlobalSection
	GlobalSection(SolutionProperties) = preSolution
		HideSolutionNode = FALSE
	EndGlobalSection
	GlobalSection(ExtensibilityGlobals) = postSolution
		SolutionGuid = {C8ADCF3E-24EA-48F3-B436-1ECDC2BC72F8}
	EndGlobalSection
EndGlobal
